
Microsoft Visual Studio Solution File, Format Version 12.00
# Visual Studio Version 17
VisualStudioVersion = 17.6.33829.357
MinimumVisualStudioVersion = 10.0.40219.1
Project("{FAE04EC0-301F-11D3-BF4B-00C04F79EFBC}") = "BitmaskBaker", "BitmaskBaker\BitmaskBaker.csproj", "{D47696F6-0F59-4C14-B5FA-71B1BE06CABB}"
EndProject
Project("{9A19103F-16F7-4668-BE54-9A1E7A4F7556}") = "AzSharp", "AzSharp\AzSharp\AzSharp.csproj", "{1E835558-BDDE-4D8F-BCC1-CE67C7EA2DF0}"
EndProject
Global
	GlobalSection(SolutionConfigurationPlatforms) = preSolution
		Debug|Any CPU = Debug|Any CPU
		Release|Any CPU = Release|Any CPU
	EndGlobalSection
	GlobalSection(ProjectConfigurationPlatforms) = postSolution
		{D47696F6-0F59-4C14-B5FA-71B1BE06CABB}.Debug|Any CPU.ActiveCfg = Debug|Any CPU
		{D47696F6-0F59-4C14-B5FA-71B1BE06CABB}.Debug|Any CPU.Build.0 = Debug|Any CPU
		{D47696F6-0F59-4C14-B5FA-71B1BE06CABB}.Release|Any CPU.ActiveCfg = Release|Any CPU
		{D47696F6-0F59-4C14-B5FA-71B1BE06CABB}.Release|Any CPU.Build.0 = Release|Any CPU
		{1E835558-BDDE-4D8F-BCC1-CE67C7EA2DF0}.Debug|Any CPU.ActiveCfg = Debug|Any CPU
		{1E835558-BDDE-4D8F-BCC1-CE67C7EA2DF0}.Debug|Any CPU.Build.0 = Debug|Any CPU
		{1E835558-BDDE-4D8F-BCC1-CE67C7EA2DF0}.Release|Any CPU.ActiveCfg = Release|Any CPU
		{1E835558-BDDE-4D8F-BCC1-CE67C7EA2DF0}.Release|Any CPU.Build.0 = Release|Any CPU
	EndGlobalSection
	GlobalSection(SolutionProperties) = preSolution
		HideSolutionNode = FALSE
	EndGlobalSection
	GlobalSection(ExtensibilityGlobals) = postSolution
		SolutionGuid = {9FEA6E0B-591B-4D8F-B3F0-CC951960DD9A}
	EndGlobalSection
EndGlobal
